
Microsoft Visual Studio Solution File, Format Version 12.00
# Visual Studio 14
VisualStudioVersion = 14.0.25420.1
MinimumVisualStudioVersion = 10.0.40219.1
Project("{FAE04EC0-301F-11D3-BF4B-00C04F79EFBC}") = "CentralitaHerencia", "CentralitaHerencia\CentralitaHerencia.csproj", "{38CBAB93-DD69-4D75-8A92-6B0FA366446C}"
EndProject
Project("{FAE04EC0-301F-11D3-BF4B-00C04F79EFBC}") = "Test", "Test\Test.csproj", "{8A212401-E5F3-4EA9-9CCE-11525DDAC47D}"
EndProject
Global
	GlobalSection(SolutionConfigurationPlatforms) = preSolution
		Debug|Any CPU = Debug|Any CPU
		Release|Any CPU = Release|Any CPU
	EndGlobalSection
	GlobalSection(ProjectConfigurationPlatforms) = postSolution
		{38CBAB93-DD69-4D75-8A92-6B0FA366446C}.Debug|Any CPU.ActiveCfg = Debug|Any CPU
		{38CBAB93-DD69-4D75-8A92-6B0FA366446C}.Debug|Any CPU.Build.0 = Debug|Any CPU
		{38CBAB93-DD69-4D75-8A92-6B0FA366446C}.Release|Any CPU.ActiveCfg = Release|Any CPU
		{38CBAB93-DD69-4D75-8A92-6B0FA366446C}.Release|Any CPU.Build.0 = Release|Any CPU
		{8A212401-E5F3-4EA9-9CCE-11525DDAC47D}.Debug|Any CPU.ActiveCfg = Debug|Any CPU
		{8A212401-E5F3-4EA9-9CCE-11525DDAC47D}.Debug|Any CPU.Build.0 = Debug|Any CPU
		{8A212401-E5F3-4EA9-9CCE-11525DDAC47D}.Release|Any CPU.ActiveCfg = Release|Any CPU
		{8A212401-E5F3-4EA9-9CCE-11525DDAC47D}.Release|Any CPU.Build.0 = Release|Any CPU
	EndGlobalSection
	GlobalSection(SolutionProperties) = preSolution
		HideSolutionNode = FALSE
	EndGlobalSection
	GlobalSection(ExtensibilityGlobals) = postSolution
		SolutionGuid = {27FBAD1D-1D05-4F5F-9D2D-0D409A47E218}
	EndGlobalSection
EndGlobal
