
Microsoft Visual Studio Solution File, Format Version 12.00
# Visual Studio 15
VisualStudioVersion = 15.0.27703.2047
MinimumVisualStudioVersion = 10.0.40219.1
Project("{FAE04EC0-301F-11D3-BF4B-00C04F79EFBC}") = "Clase 4", "Clase 4\Clase 4.csproj", "{C800BBC7-98CE-4113-AC7B-3F78367AEBCA}"
EndProject
Project("{FAE04EC0-301F-11D3-BF4B-00C04F79EFBC}") = "Sobrecarga Operadores", "Sobrecarga Operadores\Sobrecarga Operadores.csproj", "{32A20F3C-298D-49F7-8518-A40E9109328C}"
EndProject
Global
	GlobalSection(SolutionConfigurationPlatforms) = preSolution
		Debug|Any CPU = Debug|Any CPU
		Release|Any CPU = Release|Any CPU
	EndGlobalSection
	GlobalSection(ProjectConfigurationPlatforms) = postSolution
		{C800BBC7-98CE-4113-AC7B-3F78367AEBCA}.Debug|Any CPU.ActiveCfg = Debug|Any CPU
		{C800BBC7-98CE-4113-AC7B-3F78367AEBCA}.Debug|Any CPU.Build.0 = Debug|Any CPU
		{C800BBC7-98CE-4113-AC7B-3F78367AEBCA}.Release|Any CPU.ActiveCfg = Release|Any CPU
		{C800BBC7-98CE-4113-AC7B-3F78367AEBCA}.Release|Any CPU.Build.0 = Release|Any CPU
		{32A20F3C-298D-49F7-8518-A40E9109328C}.Debug|Any CPU.ActiveCfg = Debug|Any CPU
		{32A20F3C-298D-49F7-8518-A40E9109328C}.Debug|Any CPU.Build.0 = Debug|Any CPU
		{32A20F3C-298D-49F7-8518-A40E9109328C}.Release|Any CPU.ActiveCfg = Release|Any CPU
		{32A20F3C-298D-49F7-8518-A40E9109328C}.Release|Any CPU.Build.0 = Release|Any CPU
	EndGlobalSection
	GlobalSection(SolutionProperties) = preSolution
		HideSolutionNode = FALSE
	EndGlobalSection
	GlobalSection(ExtensibilityGlobals) = postSolution
		SolutionGuid = {F9C5101B-284C-4AD2-82EC-89C73D91C8A2}
	EndGlobalSection
EndGlobal
