
Microsoft Visual Studio Solution File, Format Version 12.00
# Visual Studio 15
VisualStudioVersion = 15.0.27703.2047
MinimumVisualStudioVersion = 10.0.40219.1
Project("{FAE04EC0-301F-11D3-BF4B-00C04F79EFBC}") = "EjercicioNro64", "EjercicioNro64\EjercicioNro64.csproj", "{870E742C-AD8B-4A74-9190-EA6F795C2C60}"
EndProject
Project("{FAE04EC0-301F-11D3-BF4B-00C04F79EFBC}") = "Entidades", "Entidades\Entidades.csproj", "{01532DA4-DCED-4C72-B965-E0DC366EBA32}"
EndProject
Global
	GlobalSection(SolutionConfigurationPlatforms) = preSolution
		Debug|Any CPU = Debug|Any CPU
		Release|Any CPU = Release|Any CPU
	EndGlobalSection
	GlobalSection(ProjectConfigurationPlatforms) = postSolution
		{870E742C-AD8B-4A74-9190-EA6F795C2C60}.Debug|Any CPU.ActiveCfg = Debug|Any CPU
		{870E742C-AD8B-4A74-9190-EA6F795C2C60}.Debug|Any CPU.Build.0 = Debug|Any CPU
		{870E742C-AD8B-4A74-9190-EA6F795C2C60}.Release|Any CPU.ActiveCfg = Release|Any CPU
		{870E742C-AD8B-4A74-9190-EA6F795C2C60}.Release|Any CPU.Build.0 = Release|Any CPU
		{01532DA4-DCED-4C72-B965-E0DC366EBA32}.Debug|Any CPU.ActiveCfg = Debug|Any CPU
		{01532DA4-DCED-4C72-B965-E0DC366EBA32}.Debug|Any CPU.Build.0 = Debug|Any CPU
		{01532DA4-DCED-4C72-B965-E0DC366EBA32}.Release|Any CPU.ActiveCfg = Release|Any CPU
		{01532DA4-DCED-4C72-B965-E0DC366EBA32}.Release|Any CPU.Build.0 = Release|Any CPU
	EndGlobalSection
	GlobalSection(SolutionProperties) = preSolution
		HideSolutionNode = FALSE
	EndGlobalSection
	GlobalSection(ExtensibilityGlobals) = postSolution
		SolutionGuid = {7E466327-5F79-4B1A-B3EC-3EB5A89FB2F9}
	EndGlobalSection
EndGlobal
