
Microsoft Visual Studio Solution File, Format Version 12.00
# Visual Studio 15
VisualStudioVersion = 15.0.27703.2047
MinimumVisualStudioVersion = 10.0.40219.1
Project("{FAE04EC0-301F-11D3-BF4B-00C04F79EFBC}") = "Entidades", "Entidades\Entidades.csproj", "{B0B485C8-412C-420F-A9B3-B29339EF6A2F}"
EndProject
Project("{FAE04EC0-301F-11D3-BF4B-00C04F79EFBC}") = "VistaConsole", "VistaConsole\VistaConsole.csproj", "{DD5FB3F5-3229-4F45-9BC4-E1632D78EB01}"
EndProject
Project("{FAE04EC0-301F-11D3-BF4B-00C04F79EFBC}") = "VistaForm", "VistaForm\VistaForm.csproj", "{00AEF536-C979-4EA3-A45D-83532A8819EA}"
EndProject
Global
	GlobalSection(SolutionConfigurationPlatforms) = preSolution
		Debug|Any CPU = Debug|Any CPU
		Release|Any CPU = Release|Any CPU
	EndGlobalSection
	GlobalSection(ProjectConfigurationPlatforms) = postSolution
		{B0B485C8-412C-420F-A9B3-B29339EF6A2F}.Debug|Any CPU.ActiveCfg = Debug|Any CPU
		{B0B485C8-412C-420F-A9B3-B29339EF6A2F}.Debug|Any CPU.Build.0 = Debug|Any CPU
		{B0B485C8-412C-420F-A9B3-B29339EF6A2F}.Release|Any CPU.ActiveCfg = Release|Any CPU
		{B0B485C8-412C-420F-A9B3-B29339EF6A2F}.Release|Any CPU.Build.0 = Release|Any CPU
		{DD5FB3F5-3229-4F45-9BC4-E1632D78EB01}.Debug|Any CPU.ActiveCfg = Debug|Any CPU
		{DD5FB3F5-3229-4F45-9BC4-E1632D78EB01}.Debug|Any CPU.Build.0 = Debug|Any CPU
		{DD5FB3F5-3229-4F45-9BC4-E1632D78EB01}.Release|Any CPU.ActiveCfg = Release|Any CPU
		{DD5FB3F5-3229-4F45-9BC4-E1632D78EB01}.Release|Any CPU.Build.0 = Release|Any CPU
		{00AEF536-C979-4EA3-A45D-83532A8819EA}.Debug|Any CPU.ActiveCfg = Debug|Any CPU
		{00AEF536-C979-4EA3-A45D-83532A8819EA}.Debug|Any CPU.Build.0 = Debug|Any CPU
		{00AEF536-C979-4EA3-A45D-83532A8819EA}.Release|Any CPU.ActiveCfg = Release|Any CPU
		{00AEF536-C979-4EA3-A45D-83532A8819EA}.Release|Any CPU.Build.0 = Release|Any CPU
	EndGlobalSection
	GlobalSection(SolutionProperties) = preSolution
		HideSolutionNode = FALSE
	EndGlobalSection
	GlobalSection(ExtensibilityGlobals) = postSolution
		SolutionGuid = {A71B7A63-2F7F-47CC-A2CD-82979F87EF16}
	EndGlobalSection
EndGlobal
