
Microsoft Visual Studio Solution File, Format Version 12.00
# Visual Studio 14
VisualStudioVersion = 14.0.25420.1
MinimumVisualStudioVersion = 10.0.40219.1
Project("{FAE04EC0-301F-11D3-BF4B-00C04F79EFBC}") = "Ejercicio Nro 26", "Ejercicio Nro 26\Ejercicio Nro 26.csproj", "{9DDB06B2-500A-4957-B8D7-EA25DBB934FA}"
EndProject
Project("{FAE04EC0-301F-11D3-BF4B-00C04F79EFBC}") = "Ejercicio Nro 27", "Ejercicio Nro 27\Ejercicio Nro 27.csproj", "{EA829E96-3792-43F1-A66B-6038DF2D4C05}"
EndProject
Global
	GlobalSection(SolutionConfigurationPlatforms) = preSolution
		Debug|Any CPU = Debug|Any CPU
		Release|Any CPU = Release|Any CPU
	EndGlobalSection
	GlobalSection(ProjectConfigurationPlatforms) = postSolution
		{9DDB06B2-500A-4957-B8D7-EA25DBB934FA}.Debug|Any CPU.ActiveCfg = Debug|Any CPU
		{9DDB06B2-500A-4957-B8D7-EA25DBB934FA}.Debug|Any CPU.Build.0 = Debug|Any CPU
		{9DDB06B2-500A-4957-B8D7-EA25DBB934FA}.Release|Any CPU.ActiveCfg = Release|Any CPU
		{9DDB06B2-500A-4957-B8D7-EA25DBB934FA}.Release|Any CPU.Build.0 = Release|Any CPU
		{EA829E96-3792-43F1-A66B-6038DF2D4C05}.Debug|Any CPU.ActiveCfg = Debug|Any CPU
		{EA829E96-3792-43F1-A66B-6038DF2D4C05}.Debug|Any CPU.Build.0 = Debug|Any CPU
		{EA829E96-3792-43F1-A66B-6038DF2D4C05}.Release|Any CPU.ActiveCfg = Release|Any CPU
		{EA829E96-3792-43F1-A66B-6038DF2D4C05}.Release|Any CPU.Build.0 = Release|Any CPU
	EndGlobalSection
	GlobalSection(SolutionProperties) = preSolution
		HideSolutionNode = FALSE
	EndGlobalSection
EndGlobal
