
Microsoft Visual Studio Solution File, Format Version 12.00
# Visual Studio 15
VisualStudioVersion = 15.0.27703.2047
MinimumVisualStudioVersion = 10.0.40219.1
Project("{FAE04EC0-301F-11D3-BF4B-00C04F79EFBC}") = "EjercicioDelegados", "EjercicioDelegados\EjercicioDelegados.csproj", "{DFFDAEC6-FE54-4145-BB66-B4E53D18C22B}"
EndProject
Global
	GlobalSection(SolutionConfigurationPlatforms) = preSolution
		Debug|Any CPU = Debug|Any CPU
		Release|Any CPU = Release|Any CPU
	EndGlobalSection
	GlobalSection(ProjectConfigurationPlatforms) = postSolution
		{DFFDAEC6-FE54-4145-BB66-B4E53D18C22B}.Debug|Any CPU.ActiveCfg = Debug|Any CPU
		{DFFDAEC6-FE54-4145-BB66-B4E53D18C22B}.Debug|Any CPU.Build.0 = Debug|Any CPU
		{DFFDAEC6-FE54-4145-BB66-B4E53D18C22B}.Release|Any CPU.ActiveCfg = Release|Any CPU
		{DFFDAEC6-FE54-4145-BB66-B4E53D18C22B}.Release|Any CPU.Build.0 = Release|Any CPU
	EndGlobalSection
	GlobalSection(SolutionProperties) = preSolution
		HideSolutionNode = FALSE
	EndGlobalSection
	GlobalSection(ExtensibilityGlobals) = postSolution
		SolutionGuid = {90F3433A-F468-493C-B427-136E388A8FE6}
	EndGlobalSection
EndGlobal
