
Microsoft Visual Studio Solution File, Format Version 12.00
# Visual Studio 15
VisualStudioVersion = 15.0.27703.2047
MinimumVisualStudioVersion = 10.0.40219.1
Project("{FAE04EC0-301F-11D3-BF4B-00C04F79EFBC}") = "ConsoleApp1", "ConsoleApp1\ConsoleApp1.csproj", "{80B74AA4-CE81-405A-98A7-78269895DD6B}"
EndProject
Project("{FAE04EC0-301F-11D3-BF4B-00C04F79EFBC}") = "Ejercicio Nro 11", "Ejercicio Nro 11\Ejercicio Nro 11.csproj", "{486D709C-746F-4F26-9908-32BA15EECFAC}"
EndProject
Project("{FAE04EC0-301F-11D3-BF4B-00C04F79EFBC}") = "Ejercicio Nro 12", "Ejercicio Nro 12\Ejercicio Nro 12.csproj", "{773625B2-50B7-46BB-93ED-1647029F1949}"
EndProject
Project("{FAE04EC0-301F-11D3-BF4B-00C04F79EFBC}") = "Ejercicio Nro 13", "Ejercicio Nro 13\Ejercicio Nro 13.csproj", "{F3D7BA10-BD86-4ECB-A48D-71DB4DCA9595}"
EndProject
Project("{FAE04EC0-301F-11D3-BF4B-00C04F79EFBC}") = "Ejercicio Nro 14", "Ejercicio Nro 14\Ejercicio Nro 14.csproj", "{77C4A5A2-F918-4C51-95F8-97B24F16DA46}"
EndProject
Global
	GlobalSection(SolutionConfigurationPlatforms) = preSolution
		Debug|Any CPU = Debug|Any CPU
		Release|Any CPU = Release|Any CPU
	EndGlobalSection
	GlobalSection(ProjectConfigurationPlatforms) = postSolution
		{80B74AA4-CE81-405A-98A7-78269895DD6B}.Debug|Any CPU.ActiveCfg = Debug|Any CPU
		{80B74AA4-CE81-405A-98A7-78269895DD6B}.Debug|Any CPU.Build.0 = Debug|Any CPU
		{80B74AA4-CE81-405A-98A7-78269895DD6B}.Release|Any CPU.ActiveCfg = Release|Any CPU
		{80B74AA4-CE81-405A-98A7-78269895DD6B}.Release|Any CPU.Build.0 = Release|Any CPU
		{486D709C-746F-4F26-9908-32BA15EECFAC}.Debug|Any CPU.ActiveCfg = Debug|Any CPU
		{486D709C-746F-4F26-9908-32BA15EECFAC}.Debug|Any CPU.Build.0 = Debug|Any CPU
		{486D709C-746F-4F26-9908-32BA15EECFAC}.Release|Any CPU.ActiveCfg = Release|Any CPU
		{486D709C-746F-4F26-9908-32BA15EECFAC}.Release|Any CPU.Build.0 = Release|Any CPU
		{773625B2-50B7-46BB-93ED-1647029F1949}.Debug|Any CPU.ActiveCfg = Debug|Any CPU
		{773625B2-50B7-46BB-93ED-1647029F1949}.Debug|Any CPU.Build.0 = Debug|Any CPU
		{773625B2-50B7-46BB-93ED-1647029F1949}.Release|Any CPU.ActiveCfg = Release|Any CPU
		{773625B2-50B7-46BB-93ED-1647029F1949}.Release|Any CPU.Build.0 = Release|Any CPU
		{F3D7BA10-BD86-4ECB-A48D-71DB4DCA9595}.Debug|Any CPU.ActiveCfg = Debug|Any CPU
		{F3D7BA10-BD86-4ECB-A48D-71DB4DCA9595}.Debug|Any CPU.Build.0 = Debug|Any CPU
		{F3D7BA10-BD86-4ECB-A48D-71DB4DCA9595}.Release|Any CPU.ActiveCfg = Release|Any CPU
		{F3D7BA10-BD86-4ECB-A48D-71DB4DCA9595}.Release|Any CPU.Build.0 = Release|Any CPU
		{77C4A5A2-F918-4C51-95F8-97B24F16DA46}.Debug|Any CPU.ActiveCfg = Debug|Any CPU
		{77C4A5A2-F918-4C51-95F8-97B24F16DA46}.Debug|Any CPU.Build.0 = Debug|Any CPU
		{77C4A5A2-F918-4C51-95F8-97B24F16DA46}.Release|Any CPU.ActiveCfg = Release|Any CPU
		{77C4A5A2-F918-4C51-95F8-97B24F16DA46}.Release|Any CPU.Build.0 = Release|Any CPU
	EndGlobalSection
	GlobalSection(SolutionProperties) = preSolution
		HideSolutionNode = FALSE
	EndGlobalSection
	GlobalSection(ExtensibilityGlobals) = postSolution
		SolutionGuid = {ADDCB47E-C145-48E1-9ED0-7962354C1FC5}
	EndGlobalSection
EndGlobal
