
Microsoft Visual Studio Solution File, Format Version 12.00
# Visual Studio 14
VisualStudioVersion = 14.0.25420.1
MinimumVisualStudioVersion = 10.0.40219.1
Project("{FAE04EC0-301F-11D3-BF4B-00C04F79EFBC}") = "Ejercicio Nro 16", "Ejercicio Nro 16\Ejercicio Nro 16.csproj", "{7DF0898A-CC52-4710-BE88-53E4156469C0}"
EndProject
Project("{FAE04EC0-301F-11D3-BF4B-00C04F79EFBC}") = "Ejercicio Nro 17", "Ejercicio Nro 17\Ejercicio Nro 17.csproj", "{3F3E200E-6EB5-49B1-A49B-7A1F68FAEA1F}"
EndProject
Project("{FAE04EC0-301F-11D3-BF4B-00C04F79EFBC}") = "Ejercicio Nro 18", "Ejercicio Nro 18\Ejercicio Nro 18.csproj", "{3B0F1569-9103-489E-9DE5-C920516293E6}"
EndProject
Project("{FAE04EC0-301F-11D3-BF4B-00C04F79EFBC}") = "Ejercicio Nro 19", "Ejercicio Nro 19\Ejercicio Nro 19.csproj", "{7A14845D-B5C7-456C-9327-1FD34B4BD521}"
EndProject
Global
	GlobalSection(SolutionConfigurationPlatforms) = preSolution
		Debug|Any CPU = Debug|Any CPU
		Release|Any CPU = Release|Any CPU
	EndGlobalSection
	GlobalSection(ProjectConfigurationPlatforms) = postSolution
		{7DF0898A-CC52-4710-BE88-53E4156469C0}.Debug|Any CPU.ActiveCfg = Debug|Any CPU
		{7DF0898A-CC52-4710-BE88-53E4156469C0}.Debug|Any CPU.Build.0 = Debug|Any CPU
		{7DF0898A-CC52-4710-BE88-53E4156469C0}.Release|Any CPU.ActiveCfg = Release|Any CPU
		{7DF0898A-CC52-4710-BE88-53E4156469C0}.Release|Any CPU.Build.0 = Release|Any CPU
		{3F3E200E-6EB5-49B1-A49B-7A1F68FAEA1F}.Debug|Any CPU.ActiveCfg = Debug|Any CPU
		{3F3E200E-6EB5-49B1-A49B-7A1F68FAEA1F}.Debug|Any CPU.Build.0 = Debug|Any CPU
		{3F3E200E-6EB5-49B1-A49B-7A1F68FAEA1F}.Release|Any CPU.ActiveCfg = Release|Any CPU
		{3F3E200E-6EB5-49B1-A49B-7A1F68FAEA1F}.Release|Any CPU.Build.0 = Release|Any CPU
		{3B0F1569-9103-489E-9DE5-C920516293E6}.Debug|Any CPU.ActiveCfg = Debug|Any CPU
		{3B0F1569-9103-489E-9DE5-C920516293E6}.Debug|Any CPU.Build.0 = Debug|Any CPU
		{3B0F1569-9103-489E-9DE5-C920516293E6}.Release|Any CPU.ActiveCfg = Release|Any CPU
		{3B0F1569-9103-489E-9DE5-C920516293E6}.Release|Any CPU.Build.0 = Release|Any CPU
		{7A14845D-B5C7-456C-9327-1FD34B4BD521}.Debug|Any CPU.ActiveCfg = Debug|Any CPU
		{7A14845D-B5C7-456C-9327-1FD34B4BD521}.Debug|Any CPU.Build.0 = Debug|Any CPU
		{7A14845D-B5C7-456C-9327-1FD34B4BD521}.Release|Any CPU.ActiveCfg = Release|Any CPU
		{7A14845D-B5C7-456C-9327-1FD34B4BD521}.Release|Any CPU.Build.0 = Release|Any CPU
	EndGlobalSection
	GlobalSection(SolutionProperties) = preSolution
		HideSolutionNode = FALSE
	EndGlobalSection
	GlobalSection(ExtensibilityGlobals) = postSolution
		SolutionGuid = {07018F30-52E7-46B1-B769-F08CF341CDED}
	EndGlobalSection
EndGlobal
