
Microsoft Visual Studio Solution File, Format Version 12.00
# Visual Studio 15
VisualStudioVersion = 15.0.27703.2047
MinimumVisualStudioVersion = 10.0.40219.1
Project("{FAE04EC0-301F-11D3-BF4B-00C04F79EFBC}") = "Ejercicio Nro 31", "Cliente\Ejercicio Nro 31.csproj", "{031578FA-0FBF-4059-8D6C-86B7D41E63AB}"
EndProject
Global
	GlobalSection(SolutionConfigurationPlatforms) = preSolution
		Debug|Any CPU = Debug|Any CPU
		Release|Any CPU = Release|Any CPU
	EndGlobalSection
	GlobalSection(ProjectConfigurationPlatforms) = postSolution
		{031578FA-0FBF-4059-8D6C-86B7D41E63AB}.Debug|Any CPU.ActiveCfg = Debug|Any CPU
		{031578FA-0FBF-4059-8D6C-86B7D41E63AB}.Debug|Any CPU.Build.0 = Debug|Any CPU
		{031578FA-0FBF-4059-8D6C-86B7D41E63AB}.Release|Any CPU.ActiveCfg = Release|Any CPU
		{031578FA-0FBF-4059-8D6C-86B7D41E63AB}.Release|Any CPU.Build.0 = Release|Any CPU
	EndGlobalSection
	GlobalSection(SolutionProperties) = preSolution
		HideSolutionNode = FALSE
	EndGlobalSection
	GlobalSection(ExtensibilityGlobals) = postSolution
		SolutionGuid = {91866786-1E55-4444-B74A-0C0608736CFE}
	EndGlobalSection
EndGlobal
