
Microsoft Visual Studio Solution File, Format Version 12.00
# Visual Studio 14
VisualStudioVersion = 14.0.25420.1
MinimumVisualStudioVersion = 10.0.40219.1
Project("{FAE04EC0-301F-11D3-BF4B-00C04F79EFBC}") = "Conversor Temperatura", "Conversor Temperatura\Conversor Temperatura.csproj", "{576D39D5-4822-48D6-8E44-607D6EB0917B}"
EndProject
Project("{FAE04EC0-301F-11D3-BF4B-00C04F79EFBC}") = "Temperatura", "Temperatura\Temperatura.csproj", "{7C9F2AA3-2C16-46FE-B536-B5B384630FCC}"
EndProject
Global
	GlobalSection(SolutionConfigurationPlatforms) = preSolution
		Debug|Any CPU = Debug|Any CPU
		Release|Any CPU = Release|Any CPU
	EndGlobalSection
	GlobalSection(ProjectConfigurationPlatforms) = postSolution
		{576D39D5-4822-48D6-8E44-607D6EB0917B}.Debug|Any CPU.ActiveCfg = Debug|Any CPU
		{576D39D5-4822-48D6-8E44-607D6EB0917B}.Debug|Any CPU.Build.0 = Debug|Any CPU
		{576D39D5-4822-48D6-8E44-607D6EB0917B}.Release|Any CPU.ActiveCfg = Release|Any CPU
		{576D39D5-4822-48D6-8E44-607D6EB0917B}.Release|Any CPU.Build.0 = Release|Any CPU
		{7C9F2AA3-2C16-46FE-B536-B5B384630FCC}.Debug|Any CPU.ActiveCfg = Debug|Any CPU
		{7C9F2AA3-2C16-46FE-B536-B5B384630FCC}.Debug|Any CPU.Build.0 = Debug|Any CPU
		{7C9F2AA3-2C16-46FE-B536-B5B384630FCC}.Release|Any CPU.ActiveCfg = Release|Any CPU
		{7C9F2AA3-2C16-46FE-B536-B5B384630FCC}.Release|Any CPU.Build.0 = Release|Any CPU
	EndGlobalSection
	GlobalSection(SolutionProperties) = preSolution
		HideSolutionNode = FALSE
	EndGlobalSection
EndGlobal
